[[package]]
name = "atomicwrites"
version = "1.4.0"
description = "Atomic file writes."
category = "dev"
optional = false
python-versions = ">=2.7, !=3.0.*, !=3.1.*, !=3.2.*, !=3.3.*"

[[package]]
name = "attrs"
version = "21.4.0"
description = "Classes Without Boilerplate"
category = "dev"
optional = false
python-versions = ">=2.7, !=3.0.*, !=3.1.*, !=3.2.*, !=3.3.*, !=3.4.*"

[package.extras]
dev = ["coverage[toml] (>=5.0.2)", "hypothesis", "pympler", "pytest (>=4.3.0)", "six", "mypy", "pytest-mypy-plugins", "zope.interface", "furo", "sphinx", "sphinx-notfound-page", "pre-commit", "cloudpickle"]
docs = ["furo", "sphinx", "zope.interface", "sphinx-notfound-page"]
tests = ["coverage[toml] (>=5.0.2)", "hypothesis", "pympler", "pytest (>=4.3.0)", "six", "mypy", "pytest-mypy-plugins", "zope.interface", "cloudpickle"]
tests_no_zope = ["coverage[toml] (>=5.0.2)", "hypothesis", "pympler", "pytest (>=4.3.0)", "six", "mypy", "pytest-mypy-plugins", "cloudpickle"]

[[package]]
name = "beautifulsoup4"
version = "4.11.1"
description = "Screen-scraping library"
category = "main"
optional = false
python-versions = ">=3.6.0"

[package.dependencies]
soupsieve = ">1.2"

[package.extras]
html5lib = ["html5lib"]
lxml = ["lxml"]

[[package]]
name = "certifi"
version = "2022.6.15"
description = "Python package for providing Mozilla's CA Bundle."
category = "main"
optional = false
python-versions = ">=3.6"

[[package]]
name = "charset-normalizer"
version = "2.1.0"
description = "The Real First Universal Charset Detector. Open, modern and actively maintained alternative to Chardet."
category = "main"
optional = false
python-versions = ">=3.6.0"

[package.extras]
unicode_backport = ["unicodedata2"]

[[package]]
name = "click"
version = "8.1.3"
description = "Composable command line interface toolkit"
category = "main"
optional = false
python-versions = ">=3.7"

[package.dependencies]
colorama = {version = "*", markers = "platform_system == \"Windows\""}

[[package]]
name = "colorama"
version = "0.4.5"
description = "Cross-platform colored terminal text."
category = "main"
optional = false
python-versions = ">=2.7, !=3.0.*, !=3.1.*, !=3.2.*, !=3.3.*, !=3.4.*"

[[package]]
name = "commonmark"
version = "0.9.1"
description = "Python parser for the CommonMark Markdown spec"
category = "main"
optional = false
python-versions = "*"

[package.extras]
test = ["flake8 (==3.7.8)", "hypothesis (==3.55.3)"]

[[package]]
name = "evdev"
version = "1.5.0"
description = "Bindings to the Linux input handling subsystem"
category = "main"
optional = false
python-versions = "*"

[[package]]
name = "idna"
version = "3.3"
description = "Internationalized Domain Names in Applications (IDNA)"
category = "main"
optional = false
python-versions = ">=3.5"

[[package]]
name = "jarowinkler"
version = "1.1.0"
description = "library for fast approximate string matching using Jaro and Jaro-Winkler similarity"
category = "main"
optional = false
python-versions = ">=3.6"

[[package]]
name = "more-itertools"
version = "8.13.0"
description = "More routines for operating on iterables, beyond itertools"
category = "dev"
optional = false
python-versions = ">=3.5"

[[package]]
name = "packaging"
version = "21.3"
description = "Core utilities for Python packages"
category = "dev"
optional = false
python-versions = ">=3.6"

[package.dependencies]
pyparsing = ">=2.0.2,<3.0.5 || >3.0.5"

[[package]]
name = "pick"
version = "1.2.0"
description = "Pick an option in the terminal with a simple GUI"
category = "main"
optional = false
python-versions = ">=3.6"

[package.dependencies]
windows-curses = {version = ">=2.2.0,<3.0.0", markers = "sys_platform == \"win32\""}

[[package]]
name = "pluggy"
version = "0.13.1"
description = "plugin and hook calling mechanisms for python"
category = "dev"
optional = false
python-versions = ">=2.7, !=3.0.*, !=3.1.*, !=3.2.*, !=3.3.*"

[package.extras]
dev = ["pre-commit", "tox"]

[[package]]
name = "py"
version = "1.11.0"
description = "library with cross-python path, ini-parsing, io, code, log facilities"
category = "dev"
optional = false
python-versions = ">=2.7, !=3.0.*, !=3.1.*, !=3.2.*, !=3.3.*, !=3.4.*"

[[package]]
name = "pygments"
version = "2.12.0"
description = "Pygments is a syntax highlighting package written in Python."
category = "main"
optional = false
python-versions = ">=3.6"

[[package]]
name = "pynput"
version = "1.7.6"
description = "Monitor and control user input devices"
category = "main"
optional = false
python-versions = "*"

[package.dependencies]
evdev = {version = ">=1.3", markers = "sys_platform in \"linux\""}
pyobjc-framework-ApplicationServices = {version = ">=8.0", markers = "sys_platform == \"darwin\""}
pyobjc-framework-Quartz = {version = ">=8.0", markers = "sys_platform == \"darwin\""}
python-xlib = {version = ">=0.17", markers = "sys_platform in \"linux\""}
six = "*"

[[package]]
name = "pyobjc-core"
version = "8.5"
description = "Python<->ObjC Interoperability Module"
category = "main"
optional = false
python-versions = ">=3.6"

[[package]]
name = "pyobjc-framework-applicationservices"
version = "8.5"
description = "Wrappers for the framework ApplicationServices on macOS"
category = "main"
optional = false
python-versions = ">=3.6"

[package.dependencies]
pyobjc-core = ">=8.5"
pyobjc-framework-Cocoa = ">=8.5"
pyobjc-framework-Quartz = ">=8.5"

[[package]]
name = "pyobjc-framework-cocoa"
version = "8.5"
description = "Wrappers for the Cocoa frameworks on macOS"
category = "main"
optional = false
python-versions = ">=3.6"

[package.dependencies]
pyobjc-core = ">=8.5"

[[package]]
name = "pyobjc-framework-quartz"
version = "8.5"
description = "Wrappers for the Quartz frameworks on macOS"
category = "main"
optional = false
python-versions = ">=3.6"

[package.dependencies]
pyobjc-core = ">=8.5"
pyobjc-framework-Cocoa = ">=8.5"

[[package]]
name = "pyparsing"
version = "3.0.9"
description = "pyparsing module - Classes and methods to define and execute parsing grammars"
category = "dev"
optional = false
python-versions = ">=3.6.8"

[package.extras]
diagrams = ["railroad-diagrams", "jinja2"]

[[package]]
name = "pytest"
version = "5.4.3"
description = "pytest: simple powerful testing with Python"
category = "dev"
optional = false
python-versions = ">=3.5"

[package.dependencies]
atomicwrites = {version = ">=1.0", markers = "sys_platform == \"win32\""}
attrs = ">=17.4.0"
colorama = {version = "*", markers = "sys_platform == \"win32\""}
more-itertools = ">=4.0.0"
packaging = "*"
pluggy = ">=0.12,<1.0"
py = ">=1.5.0"
wcwidth = "*"

[package.extras]
checkqa-mypy = ["mypy (==v0.761)"]
testing = ["argcomplete", "hypothesis (>=3.56)", "mock", "nose", "requests", "xmlschema"]

[[package]]
name = "python-xlib"
version = "0.31"
description = "Python X Library"
category = "main"
optional = false
python-versions = "*"

[package.dependencies]
six = ">=1.10.0"

[[package]]
name = "rapidfuzz"
version = "2.1.2"
description = "rapid fuzzy string matching"
category = "main"
optional = false
python-versions = ">=3.6"

[package.dependencies]
jarowinkler = ">=1.1.0,<2.0.0"

[package.extras]
full = ["numpy"]

[[package]]
name = "requests"
version = "2.28.1"
description = "Python HTTP for Humans."
category = "main"
optional = false
python-versions = ">=3.7, <4"

[package.dependencies]
certifi = ">=2017.4.17"
charset-normalizer = ">=2,<3"
idna = ">=2.5,<4"
urllib3 = ">=1.21.1,<1.27"

[package.extras]
socks = ["PySocks (>=1.5.6,!=1.5.7)"]
use_chardet_on_py3 = ["chardet (>=3.0.2,<6)"]

[[package]]
name = "rich"
version = "12.4.4"
description = "Render rich text, tables, progress bars, syntax highlighting, markdown and more to the terminal"
category = "main"
optional = false
python-versions = ">=3.6.3,<4.0.0"

[package.dependencies]
commonmark = ">=0.9.0,<0.10.0"
pygments = ">=2.6.0,<3.0.0"
typing-extensions = {version = ">=4.0.0,<5.0", markers = "python_version < \"3.9\""}

[package.extras]
jupyter = ["ipywidgets (>=7.5.1,<8.0.0)"]

[[package]]
name = "shellingham"
version = "1.4.0"
description = "Tool to Detect Surrounding Shell"
category = "main"
optional = false
python-versions = "!=3.0,!=3.1,!=3.2,!=3.3,>=2.6"

[[package]]
name = "six"
version = "1.16.0"
description = "Python 2 and 3 compatibility utilities"
category = "main"
optional = false
python-versions = ">=2.7, !=3.0.*, !=3.1.*, !=3.2.*"

[[package]]
name = "soupsieve"
version = "2.3.2.post1"
description = "A modern CSS selector implementation for Beautiful Soup."
category = "main"
optional = false
python-versions = ">=3.6"

[[package]]
name = "tqdm"
version = "4.64.0"
description = "Fast, Extensible Progress Meter"
category = "main"
optional = false
python-versions = "!=3.0.*,!=3.1.*,!=3.2.*,!=3.3.*,>=2.7"

[package.dependencies]
colorama = {version = "*", markers = "platform_system == \"Windows\""}

[package.extras]
dev = ["py-make (>=0.1.0)", "twine", "wheel"]
notebook = ["ipywidgets (>=6)"]
slack = ["slack-sdk"]
telegram = ["requests"]

[[package]]
name = "typer"
version = "0.5.0"
description = "Typer, build great CLIs. Easy to code. Based on Python type hints."
category = "main"
optional = false
python-versions = ">=3.6"

[package.dependencies]
click = ">=7.1.1,<9.0.0"
colorama = {version = ">=0.4.3,<0.5.0", optional = true, markers = "extra == \"all\""}
rich = {version = ">=10.11.0,<13.0.0", optional = true, markers = "extra == \"all\""}
shellingham = {version = ">=1.3.0,<2.0.0", optional = true, markers = "extra == \"all\""}

[package.extras]
all = ["colorama (>=0.4.3,<0.5.0)", "shellingham (>=1.3.0,<2.0.0)", "rich (>=10.11.0,<13.0.0)"]
dev = ["autoflake (>=1.3.1,<2.0.0)", "flake8 (>=3.8.3,<4.0.0)", "pre-commit (>=2.17.0,<3.0.0)"]
doc = ["mkdocs (>=1.1.2,<2.0.0)", "mkdocs-material (>=8.1.4,<9.0.0)", "mdx-include (>=1.4.1,<2.0.0)"]
test = ["shellingham (>=1.3.0,<2.0.0)", "pytest (>=4.4.0,<5.4.0)", "pytest-cov (>=2.10.0,<3.0.0)", "coverage (>=5.2,<6.0)", "pytest-xdist (>=1.32.0,<2.0.0)", "pytest-sugar (>=0.9.4,<0.10.0)", "mypy (==0.910)", "black (>=22.3.0,<23.0.0)", "isort (>=5.0.6,<6.0.0)", "rich (>=10.11.0,<13.0.0)"]

[[package]]
name = "typing-extensions"
version = "4.3.0"
description = "Backported and Experimental Type Hints for Python 3.7+"
category = "main"
optional = false
python-versions = ">=3.7"

[[package]]
name = "urllib3"
version = "1.26.10"
description = "HTTP library with thread-safe connection pooling, file post, and more."
category = "main"
optional = false
python-versions = ">=2.7, !=3.0.*, !=3.1.*, !=3.2.*, !=3.3.*, !=3.4.*, !=3.5.*, <4"

[package.extras]
brotli = ["brotlicffi (>=0.8.0)", "brotli (>=1.0.9)", "brotlipy (>=0.6.0)"]
secure = ["pyOpenSSL (>=0.14)", "cryptography (>=1.3.4)", "idna (>=2.0.0)", "certifi", "ipaddress"]
socks = ["PySocks (>=1.5.6,!=1.5.7,<2.0)"]

[[package]]
name = "wcwidth"
version = "0.2.5"
description = "Measures the displayed width of unicode strings in a terminal"
category = "dev"
optional = false
python-versions = "*"

[[package]]
name = "windows-curses"
version = "2.3.0"
description = "Support for the standard curses module on Windows"
category = "main"
optional = false
python-versions = "*"

[metadata]
lock-version = "1.1"
python-versions = "^3.8"
content-hash = "ecfc23ca620e99f8ef9a5342ecb625e891f4cb552bd42949bdbdc102257fdfc6"

[metadata.files]
atomicwrites = [
    {file = "atomicwrites-1.4.0-py2.py3-none-any.whl", hash = "sha256:6d1784dea7c0c8d4a5172b6c620f40b6e4cbfdf96d783691f2e1302a7b88e197"},
    {file = "atomicwrites-1.4.0.tar.gz", hash = "sha256:ae70396ad1a434f9c7046fd2dd196fc04b12f9e91ffb859164193be8b6168a7a"},
]
attrs = [
    {file = "attrs-21.4.0-py2.py3-none-any.whl", hash = "sha256:2d27e3784d7a565d36ab851fe94887c5eccd6a463168875832a1be79c82828b4"},
    {file = "attrs-21.4.0.tar.gz", hash = "sha256:626ba8234211db98e869df76230a137c4c40a12d72445c45d5f5b716f076e2fd"},
]
beautifulsoup4 = [
    {file = "beautifulsoup4-4.11.1-py3-none-any.whl", hash = "sha256:58d5c3d29f5a36ffeb94f02f0d786cd53014cf9b3b3951d42e0080d8a9498d30"},
    {file = "beautifulsoup4-4.11.1.tar.gz", hash = "sha256:ad9aa55b65ef2808eb405f46cf74df7fcb7044d5cbc26487f96eb2ef2e436693"},
]
certifi = [
    {file = "certifi-2022.6.15-py3-none-any.whl", hash = "sha256:fe86415d55e84719d75f8b69414f6438ac3547d2078ab91b67e779ef69378412"},
    {file = "certifi-2022.6.15.tar.gz", hash = "sha256:84c85a9078b11105f04f3036a9482ae10e4621616db313fe045dd24743a0820d"},
]
charset-normalizer = [
    {file = "charset-normalizer-2.1.0.tar.gz", hash = "sha256:575e708016ff3a5e3681541cb9d79312c416835686d054a23accb873b254f413"},
    {file = "charset_normalizer-2.1.0-py3-none-any.whl", hash = "sha256:5189b6f22b01957427f35b6a08d9a0bc45b46d3788ef5a92e978433c7a35f8a5"},
]
click = [
    {file = "click-8.1.3-py3-none-any.whl", hash = "sha256:bb4d8133cb15a609f44e8213d9b391b0809795062913b383c62be0ee95b1db48"},
    {file = "click-8.1.3.tar.gz", hash = "sha256:7682dc8afb30297001674575ea00d1814d808d6a36af415a82bd481d37ba7b8e"},
]
colorama = [
    {file = "colorama-0.4.5-py2.py3-none-any.whl", hash = "sha256:854bf444933e37f5824ae7bfc1e98d5bce2ebe4160d46b5edf346a89358e99da"},
    {file = "colorama-0.4.5.tar.gz", hash = "sha256:e6c6b4334fc50988a639d9b98aa429a0b57da6e17b9a44f0451f930b6967b7a4"},
]
commonmark = [
    {file = "commonmark-0.9.1-py2.py3-none-any.whl", hash = "sha256:da2f38c92590f83de410ba1a3cbceafbc74fee9def35f9251ba9a971d6d66fd9"},
    {file = "commonmark-0.9.1.tar.gz", hash = "sha256:452f9dc859be7f06631ddcb328b6919c67984aca654e5fefb3914d54691aed60"},
]
evdev = [
    {file = "evdev-1.5.0.tar.gz", hash = "sha256:5b33b174f7c84576e7dd6071e438bf5ad227da95efd4356a39fe4c8355412fe6"},
]
idna = [
    {file = "idna-3.3-py3-none-any.whl", hash = "sha256:84d9dd047ffa80596e0f246e2eab0b391788b0503584e8945f2368256d2735ff"},
    {file = "idna-3.3.tar.gz", hash = "sha256:9d643ff0a55b762d5cdb124b8eaa99c66322e2157b69160bc32796e824360e6d"},
]
jarowinkler = [
    {file = "jarowinkler-1.1.0-cp310-cp310-macosx_10_9_universal2.whl", hash = "sha256:05abaa7bb4d71bb4ab071689b1748dfe890d0dfefaa8a77c658fafdd29dd49cc"},
    {file = "jarowinkler-1.1.0-cp310-cp310-macosx_10_9_x86_64.whl", hash = "sha256:c9c6b2ac03f176e6812af9634e17709d657e75910c681fa4ccab76beac27486a"},
    {file = "jarowinkler-1.1.0-cp310-cp310-macosx_11_0_arm64.whl", hash = "sha256:aed4b4827113dd23dec3616dbe00aca8d4e58f9babcb4e3c656ed45597fcf5a5"},
    {file = "jarowinkler-1.1.0-cp310-cp310-manylinux_2_17_aarch64.manylinux2014_aarch64.whl", hash = "sha256:e5fac6be2935535df8576add20fd394f82e6bf84a2ce5153bb16bdb8abbbad06"},
    {file = "jarowinkler-1.1.0-cp310-cp310-manylinux_2_17_ppc64le.manylinux2014_ppc64le.whl", hash = "sha256:3d1cee23935c54ba897e78b659d98be2a9289b45bdc834bb86999f5baae46f3c"},
    {file = "jarowinkler-1.1.0-cp310-cp310-manylinux_2_17_s390x.manylinux2014_s390x.whl", hash = "sha256:b8a34bc615cf72b876ce274dc9ab774ffb4b41e12791a9b569b222b143d00cc4"},
    {file = "jarowinkler-1.1.0-cp310-cp310-manylinux_2_17_x86_64.manylinux2014_x86_64.whl", hash = "sha256:345c5ce68bfff506daedf08d00088469282a9ae3727a943483c3eaafb6b08491"},
    {file = "jarowinkler-1.1.0-cp310-cp310-manylinux_2_5_i686.manylinux1_i686.manylinux_2_17_i686.manylinux2014_i686.whl", hash = "sha256:ebabcb81a88aa6e9b3180edc72b1636455a63dd5e2138f4585983c6ef7e03a0f"},
    {file = "jarowinkler-1.1.0-cp310-cp310-musllinux_1_1_aarch64.whl", hash = "sha256:f2ec9706531ce7d0144a53d29ff27e3d01f52445f188329b1ad662c4895826f6"},
    {file = "jarowinkler-1.1.0-cp310-cp310-musllinux_1_1_i686.whl", hash = "sha256:c2b2f8476d2fc06b838c54f1bbe4625e81f1dc932a728b44519cf7731f5f8200"},
    {file = "jarowinkler-1.1.0-cp310-cp310-musllinux_1_1_ppc64le.whl", hash = "sha256:19ffd901466577b52a1796bae2e10a84ab2da65cffc099e999cf658d74131ddd"},
    {file = "jarowinkler-1.1.0-cp310-cp310-musllinux_1_1_s390x.whl", hash = "sha256:9cb415fa5b77328349931983b199877841fd39f52237c3c79f55f2fc789abcc0"},
    {file = "jarowinkler-1.1.0-cp310-cp310-musllinux_1_1_x86_64.whl", hash = "sha256:8754ce7ad822c988aaadedd8fb143e5b1ded5d380fe4dc168d50f90eb6c0d759"},
    {file = "jarowinkler-1.1.0-cp310-cp310-win32.whl", hash = "sha256:9f784211ce6c3fcd79cf3bd63e873bb32a64d1d9568bbd54dc013ad7f561c19f"},
    {file = "jarowinkler-1.1.0-cp310-cp310-win_amd64.whl", hash = "sha256:182bb480b6075f78cdf314b93869e6318fb9ecbdd9048691720dabce25e20ae3"},
    {file = "jarowinkler-1.1.0-cp36-cp36m-macosx_10_9_x86_64.whl", hash = "sha256:1f6130b3dcc09fe901691cc9281b8688f90e140ff63dc04a10e092432268ac62"},
    {file = "jarowinkler-1.1.0-cp36-cp36m-manylinux_2_17_aarch64.manylinux2014_aarch64.whl", hash = "sha256:890f8ead5f997392b540573c116877711917b161f556f2dca4e0fb53116d0667"},
    {file = "jarowinkler-1.1.0-cp36-cp36m-manylinux_2_17_ppc64le.manylinux2014_ppc64le.whl", hash = "sha256:5e695c78ff77109e52d2bf61b83aa68933452386b8b4a0a3f9a6c87060233102"},
    {file = "jarowinkler-1.1.0-cp36-cp36m-manylinux_2_17_s390x.manylinux2014_s390x.whl", hash = "sha256:2384c7a214d4c7a8f48f532998ffe042d0c0ac3ef9b5c1fe8f0f85f0394b5934"},
    {file = "jarowinkler-1.1.0-cp36-cp36m-manylinux_2_17_x86_64.manylinux2014_x86_64.whl", hash = "sha256:0de53ca5d3b36898482867c965a85054f33610100b31622bcda40b762661d50f"},
    {file = "jarowinkler-1.1.0-cp36-cp36m-manylinux_2_5_i686.manylinux1_i686.manylinux_2_17_i686.manylinux2014_i686.whl", hash = "sha256:f3504e53ff0894691fbc1bf8682e7601496f16002a7f9e74ec26af52efb1f4cf"},
    {file = "jarowinkler-1.1.0-cp36-cp36m-musllinux_1_1_aarch64.whl", hash = "sha256:c15b33b5eeedc9b7aa298d71b705cb1f1b114cdd0f79ef2b4b5397726a25ace6"},
    {file = "jarowinkler-1.1.0-cp36-cp36m-musllinux_1_1_i686.whl", hash = "sha256:4b2b0036f331d54c461f08a3ee0f26fdd7abd738d9d7f34ce6c4f1281262697a"},
    {file = "jarowinkler-1.1.0-cp36-cp36m-musllinux_1_1_ppc64le.whl", hash = "sha256:377666e07f8dfa3941fa544e4dcd63cfbe2f2e93fe474a7da918428dd55dfc25"},
    {file = "jarowinkler-1.1.0-cp36-cp36m-musllinux_1_1_s390x.whl", hash = "sha256:62c052fffe815f96dd2c8b83d442d7db8bca0de94e3bda35426a607c2e26a7ea"},
    {file = "jarowinkler-1.1.0-cp36-cp36m-musllinux_1_1_x86_64.whl", hash = "sha256:5c515a61b7139f4e1b60eafcbc36a47c40fdf8eb5833dc50f9b0c3a94e128281"},
    {file = "jarowinkler-1.1.0-cp36-cp36m-win32.whl", hash = "sha256:84f5c0db755c5fa9c222186fa934378a7ceec38dd9d45b7f18f22fa12f221750"},
    {file = "jarowinkler-1.1.0-cp36-cp36m-win_amd64.whl", hash = "sha256:0660418630c0f7622cc20e2d15456f1abcd670380d85f91ff4ebd26e6c296308"},
    {file = "jarowinkler-1.1.0-cp37-cp37m-macosx_10_9_x86_64.whl", hash = "sha256:75106cea91de960f1daa4d1497e58f5bccda05b4ee38c0fd107e03992af3296e"},
    {file = "jarowinkler-1.1.0-cp37-cp37m-manylinux_2_17_aarch64.manylinux2014_aarch64.whl", hash = "sha256:3c56f7b7147e430b5bb16a1930f21c19cf30ab1a122793ecec4cbac8d8f85bb4"},
    {file = "jarowinkler-1.1.0-cp37-cp37m-manylinux_2_17_ppc64le.manylinux2014_ppc64le.whl", hash = "sha256:2020fe6b8a1baa28852a992541f68ce7b95611e0c71df503976159f030d0f307"},
    {file = "jarowinkler-1.1.0-cp37-cp37m-manylinux_2_17_s390x.manylinux2014_s390x.whl", hash = "sha256:481e192aa1665707a09e6eeb4b15e5afd9f13c642711d50fac7b1326d2576a08"},
    {file = "jarowinkler-1.1.0-cp37-cp37m-manylinux_2_17_x86_64.manylinux2014_x86_64.whl", hash = "sha256:bb3fbab853f9e4100d1cae5303f29b85094b87537d694c3e4943b17be0f6a5d3"},
    {file = "jarowinkler-1.1.0-cp37-cp37m-manylinux_2_5_i686.manylinux1_i686.manylinux_2_17_i686.manylinux2014_i686.whl", hash = "sha256:a166417e99478f96cf015bb2e5ec6829641376313b1de649fb3cc57d8e14b85e"},
    {file = "jarowinkler-1.1.0-cp37-cp37m-musllinux_1_1_aarch64.whl", hash = "sha256:9d56516e2469e891d0a5adb8a96afd6e9c4a60cda12c6dc29dc939767689e1ad"},
    {file = "jarowinkler-1.1.0-cp37-cp37m-musllinux_1_1_i686.whl", hash = "sha256:4d8bff1416c59cb9ddb595c3a54cadfe266cb5984836f69ad8fb591c8916d77e"},
    {file = "jarowinkler-1.1.0-cp37-cp37m-musllinux_1_1_ppc64le.whl", hash = "sha256:429adc01fcb3c0e435fe9f4c1738d00e72047ce9e296470cff39afb7abf72e85"},
    {file = "jarowinkler-1.1.0-cp37-cp37m-musllinux_1_1_s390x.whl", hash = "sha256:b3d3e6c178be58993cb47c4643c39074155bd10b40961f0e0dbc7b0fdf61ab16"},
    {file = "jarowinkler-1.1.0-cp37-cp37m-musllinux_1_1_x86_64.whl", hash = "sha256:41778b560b7d48d1bfde2cc27f69545a97f9e4188241b129cbb493cc75f8e376"},
    {file = "jarowinkler-1.1.0-cp37-cp37m-win32.whl", hash = "sha256:a53a49edecdf9025fcc131670ecac37cbf38f9b46978dc838e13dab447c84e50"},
    {file = "jarowinkler-1.1.0-cp37-cp37m-win_amd64.whl", hash = "sha256:a6b404a00ccfbf5f2c757d73b8923231d72873f18e35cefea617ff0cd10a2756"},
    {file = "jarowinkler-1.1.0-cp38-cp38-macosx_10_9_universal2.whl", hash = "sha256:a1c84e5ea24ed0fa518e070b2db8f2ea516be4de1e1d110300bf38bdacc21954"},
    {file = "jarowinkler-1.1.0-cp38-cp38-macosx_10_9_x86_64.whl", hash = "sha256:2dd2192e0ad41e9f608895c8ab6984732ae7aa681469a2db8575568218d192b9"},
    {file = "jarowinkler-1.1.0-cp38-cp38-macosx_11_0_arm64.whl", hash = "sha256:84669c615e7efc475f998678ce3f6e5733a2239d0965b50185e0cbc4fadae5a2"},
    {file = "jarowinkler-1.1.0-cp38-cp38-manylinux_2_17_aarch64.manylinux2014_aarch64.whl", hash = "sha256:fd5fd8482814f5159c3cec08e1460f8dc22b7853173ec332115a28fa42ca7233"},
    {file = "jarowinkler-1.1.0-cp38-cp38-manylinux_2_17_ppc64le.manylinux2014_ppc64le.whl", hash = "sha256:826f73bd5e4b5d3ac5c978947ef622f87aa1ba2dc2ab85bc0aa29ade40390155"},
    {file = "jarowinkler-1.1.0-cp38-cp38-manylinux_2_17_s390x.manylinux2014_s390x.whl", hash = "sha256:0876d8b3c2955476a328a6cd86afa91f0226ec1f33a8deb1c1119933920171cd"},
    {file = "jarowinkler-1.1.0-cp38-cp38-manylinux_2_17_x86_64.manylinux2014_x86_64.whl", hash = "sha256:6027630ea0fb03f697c2ca832192e96a3f1ecaaaefae55013423b83bf477e668"},
    {file = "jarowinkler-1.1.0-cp38-cp38-manylinux_2_5_i686.manylinux1_i686.manylinux_2_17_i686.manylinux2014_i686.whl", hash = "sha256:aa226d29201dad890a06cd95f98de7ae5cded6845a50ba850da270da8d7d55a4"},
    {file = "jarowinkler-1.1.0-cp38-cp38-musllinux_1_1_aarch64.whl", hash = "sha256:f1398a1dec0e0ba30a10c577263578e0eb98a723cbc2a69a52873b126e310474"},
    {file = "jarowinkler-1.1.0-cp38-cp38-musllinux_1_1_i686.whl", hash = "sha256:d845c35fdd2d2b65a660977cd003d9c3421c2bdf4cbb4e4a803ec24b61ffa714"},
    {file = "jarowinkler-1.1.0-cp38-cp38-musllinux_1_1_ppc64le.whl", hash = "sha256:0aa1c94176e1b05fcfc2b8d7107c328888584adc07f4c828476f411783809261"},
    {file = "jarowinkler-1.1.0-cp38-cp38-musllinux_1_1_s390x.whl", hash = "sha256:273d6e7a6e4ba3c924f2f343a93c795427c908fafc5dfb0b5ddcf3029062c743"},
    {file = "jarowinkler-1.1.0-cp38-cp38-musllinux_1_1_x86_64.whl", hash = "sha256:d89ede960179b1f8b03f1fa24dcf6cc4050d8788f6a5087530cc16f123b36a3d"},
    {file = "jarowinkler-1.1.0-cp38-cp38-win32.whl", hash = "sha256:c48d292b5b461e8ad4475295b67ef2ad8f5bf9d033148329117e4b6aa5fa8934"},
    {file = "jarowinkler-1.1.0-cp38-cp38-win_amd64.whl", hash = "sha256:b2234def2b43fe1e90321e4dee28212f113b11e1329660bab7beaa8ece47cc8a"},
    {file = "jarowinkler-1.1.0-cp39-cp39-macosx_10_9_universal2.whl", hash = "sha256:c3fc831fabd10fb6b6af4b24c86dcb1379c25aaeac11cc6d0ce5edd02864032d"},
    {file = "jarowinkler-1.1.0-cp39-cp39-macosx_10_9_x86_64.whl", hash = "sha256:8b19fa5d4680039f7c7bd994e99d9938d777ea6727aa81506f5a6315c46bb14d"},
    {file = "jarowinkler-1.1.0-cp39-cp39-macosx_11_0_arm64.whl", hash = "sha256:8f4e8cee79bcb78c13dd5c81f83b7a3a5bdbcd1fcd3bd28e77b77a91d8fd173d"},
    {file = "jarowinkler-1.1.0-cp39-cp39-manylinux_2_17_aarch64.manylinux2014_aarch64.whl", hash = "sha256:0f365bb8d04b04be6e6251578782030086cf86a5fe52315319c050a641818107"},
    {file = "jarowinkler-1.1.0-cp39-cp39-manylinux_2_17_ppc64le.manylinux2014_ppc64le.whl", hash = "sha256:8fb56002483c25b636fd0e770c18e3f60a2b40b54d00856221b64cc5ca3495b0"},
    {file = "jarowinkler-1.1.0-cp39-cp39-manylinux_2_17_s390x.manylinux2014_s390x.whl", hash = "sha256:210150f9785568e17cc8359d8856fd07a2d024bc944e837b20f81efa2b2b6e45"},
    {file = "jarowinkler-1.1.0-cp39-cp39-manylinux_2_17_x86_64.manylinux2014_x86_64.whl", hash = "sha256:cff0c84e30757525226ce234505e1e18220c6755ea6c9d703e67db68bb505d29"},
    {file = "jarowinkler-1.1.0-cp39-cp39-manylinux_2_5_i686.manylinux1_i686.manylinux_2_17_i686.manylinux2014_i686.whl", hash = "sha256:983da7d60257aacb4fca7a373807347ea092ca476abdb8d22e4ce823c5e4a97c"},
    {file = "jarowinkler-1.1.0-cp39-cp39-musllinux_1_1_aarch64.whl", hash = "sha256:6c7846714dd8d2e7eca1f36d8c8bb39e6fc8cf8f65beae5829703ad88024570d"},
    {file = "jarowinkler-1.1.0-cp39-cp39-musllinux_1_1_i686.whl", hash = "sha256:473be4543492ec054abbc4d22c559994d0dc7ae1de51ae0fdacbd1085af305d9"},
    {file = "jarowinkler-1.1.0-cp39-cp39-musllinux_1_1_ppc64le.whl", hash = "sha256:8704e9ce8512410bed42cc99232ade7040255607aa100d34a75b79222158ba9d"},
    {file = "jarowinkler-1.1.0-cp39-cp39-musllinux_1_1_s390x.whl", hash = "sha256:ee3f92d934c490f6761858735dca3b1317002e7c68f615773a4d0d6da865aece"},
    {file = "jarowinkler-1.1.0-cp39-cp39-musllinux_1_1_x86_64.whl", hash = "sha256:38fbcaeab565c6989fef8fb18193166573d525bfefc5ebfee0a56111c04d90d2"},
    {file = "jarowinkler-1.1.0-cp39-cp39-win32.whl", hash = "sha256:fe1f8acebbf791aaf99b43a71fe0f0cd604fc5caf3a00b80f952effa83424b15"},
    {file = "jarowinkler-1.1.0-cp39-cp39-win_amd64.whl", hash = "sha256:20130274a54c1973d975c03f05352508d58a00a465fdb24db2e479f42f32e380"},
    {file = "jarowinkler-1.1.0-pp37-pypy37_pp73-macosx_10_9_x86_64.whl", hash = "sha256:4edce2fb3c6a38627398eeb1aa555de9d0a0a7201affe5e0bce0472dd84fc234"},
    {file = "jarowinkler-1.1.0-pp37-pypy37_pp73-manylinux_2_17_aarch64.manylinux2014_aarch64.whl", hash = "sha256:d80624d4be1a0496bf0416b3441ce81dbb3765f5640dd80943318350c5f9b0f8"},
    {file = "jarowinkler-1.1.0-pp37-pypy37_pp73-manylinux_2_17_x86_64.manylinux2014_x86_64.whl", hash = "sha256:5e3fd420be421df50481a790c3268588c2d1c1e41a9d6a810d45d89ef377f0c4"},
    {file = "jarowinkler-1.1.0-pp37-pypy37_pp73-manylinux_2_5_i686.manylinux1_i686.manylinux_2_17_i686.manylinux2014_i686.whl", hash = "sha256:33ab579b691514ca6278a31ab20d436e9557553c674cea92f93c374a6a71f9c4"},
    {file = "jarowinkler-1.1.0-pp38-pypy38_pp73-macosx_10_9_x86_64.whl", hash = "sha256:8429462a6cb7d86d32965cf85dc5aa57bb60a6e3180ae564158ff087b8551e87"},
    {file = "jarowinkler-1.1.0-pp38-pypy38_pp73-manylinux_2_17_aarch64.manylinux2014_aarch64.whl", hash = "sha256:0f81ed8389e601aa2c6d4c69b48a416f338aa3c9f39f908d54c2e8d9b2b02bfa"},
    {file = "jarowinkler-1.1.0-pp38-pypy38_pp73-manylinux_2_17_x86_64.manylinux2014_x86_64.whl", hash = "sha256:049113f796b3646016977eae62ef4c3b780b8ecf4140571fa803946b1979c0b9"},
    {file = "jarowinkler-1.1.0-pp38-pypy38_pp73-manylinux_2_5_i686.manylinux1_i686.manylinux_2_17_i686.manylinux2014_i686.whl", hash = "sha256:001147cff86b1655ef9ca7a9936aac41e0046383545e1ffc2593d8895d3dad8a"},
    {file = "jarowinkler-1.1.0-pp39-pypy39_pp73-macosx_10_9_x86_64.whl", hash = "sha256:85bfee97229ea381bfdb1bea0f30f7cac28101130d39641667c255b3cffafc19"},
    {file = "jarowinkler-1.1.0-pp39-pypy39_pp73-manylinux_2_17_aarch64.manylinux2014_aarch64.whl", hash = "sha256:c59f0ed454728325d73d33474c6ef3c5ed7630dc285c7b9a7f2d6a7908ddcf11"},
    {file = "jarowinkler-1.1.0-pp39-pypy39_pp73-manylinux_2_17_x86_64.manylinux2014_x86_64.whl", hash = "sha256:6f43f5480d594ac992a55fd94ed24918baff0e9087fc1e3ec10209d8eb3c1254"},
    {file = "jarowinkler-1.1.0-pp39-pypy39_pp73-manylinux_2_5_i686.manylinux1_i686.manylinux_2_17_i686.manylinux2014_i686.whl", hash = "sha256:b8463ea7501316d6de2825c563e6783ee0f09c3944863714815711f1b70a1546"},
    {file = "jarowinkler-1.1.0.tar.gz", hash = "sha256:af2505c99e7a3a77489693e06647c84f31a9d84cc31cd10a719391209643188e"},
]
more-itertools = [
    {file = "more-itertools-8.13.0.tar.gz", hash = "sha256:a42901a0a5b169d925f6f217cd5a190e32ef54360905b9c39ee7db5313bfec0f"},
    {file = "more_itertools-8.13.0-py3-none-any.whl", hash = "sha256:c5122bffc5f104d37c1626b8615b511f3427aa5389b94d61e5ef8236bfbc3ddb"},
]
packaging = [
    {file = "packaging-21.3-py3-none-any.whl", hash = "sha256:ef103e05f519cdc783ae24ea4e2e0f508a9c99b2d4969652eed6a2e1ea5bd522"},
    {file = "packaging-21.3.tar.gz", hash = "sha256:dd47c42927d89ab911e606518907cc2d3a1f38bbd026385970643f9c5b8ecfeb"},
]
pick = [
    {file = "pick-1.2.0-py3-none-any.whl", hash = "sha256:faffd2ba4c5409d22cad366b4e8892fd26ebedcd4d3fd5e98562914279208da7"},
    {file = "pick-1.2.0.tar.gz", hash = "sha256:594f96c205d75bff889f4cee40d87fe50d2a477ff937c9cf6b3a9d4feb44e7f8"},
]
pluggy = [
    {file = "pluggy-0.13.1-py2.py3-none-any.whl", hash = "sha256:966c145cd83c96502c3c3868f50408687b38434af77734af1e9ca461a4081d2d"},
    {file = "pluggy-0.13.1.tar.gz", hash = "sha256:15b2acde666561e1298d71b523007ed7364de07029219b604cf808bfa1c765b0"},
]
py = [
    {file = "py-1.11.0-py2.py3-none-any.whl", hash = "sha256:607c53218732647dff4acdfcd50cb62615cedf612e72d1724fb1a0cc6405b378"},
    {file = "py-1.11.0.tar.gz", hash = "sha256:51c75c4126074b472f746a24399ad32f6053d1b34b68d2fa41e558e6f4a98719"},
]
pygments = [
    {file = "Pygments-2.12.0-py3-none-any.whl", hash = "sha256:dc9c10fb40944260f6ed4c688ece0cd2048414940f1cea51b8b226318411c519"},
    {file = "Pygments-2.12.0.tar.gz", hash = "sha256:5eb116118f9612ff1ee89ac96437bb6b49e8f04d8a13b514ba26f620208e26eb"},
]
pynput = []
pyobjc-core = [
    {file = "pyobjc-core-8.5.tar.gz", hash = "sha256:704c275439856c0d1287469f0d589a7d808d48b754a93d9ce5415d4eaf06d576"},
    {file = "pyobjc_core-8.5-cp310-cp310-macosx_10_9_universal2.whl", hash = "sha256:0c234143b48334443f5adcf26e668945a6d47bc1fa6223e80918c6c735a029d9"},
    {file = "pyobjc_core-8.5-cp36-cp36m-macosx_10_9_x86_64.whl", hash = "sha256:1486ee533f0d76f666804ce89723ada4db56bfde55e56151ba512d3f849857f8"},
    {file = "pyobjc_core-8.5-cp37-cp37m-macosx_10_9_x86_64.whl", hash = "sha256:412de06dfa728301c04b3e46fd7453320a8ae8b862e85236e547cd797a73b490"},
    {file = "pyobjc_core-8.5-cp38-cp38-macosx_10_9_x86_64.whl", hash = "sha256:0b3e09cccb1be574a82cc9f929ae27fc4283eccc75496cb5d51534caa6bb83a3"},
    {file = "pyobjc_core-8.5-cp38-cp38-macosx_11_0_universal2.whl", hash = "sha256:eeafe21f879666ab7f57efcc6b007c9f5f8733d367b7e380c925203ed83f000d"},
    {file = "pyobjc_core-8.5-cp39-cp39-macosx_10_9_universal2.whl", hash = "sha256:c0071686976d7ea8c14690950e504a13cb22b4ebb2bc7b5ec47c1c1c0f6eff41"},
]
pyobjc-framework-applicationservices = [
    {file = "pyobjc-framework-ApplicationServices-8.5.tar.gz", hash = "sha256:fa3015ef8e3add90af3447d7fdcc7f8dd083cc2a1d58f99a569480a2df10d2b1"},
    {file = "pyobjc_framework_ApplicationServices-8.5-cp310-cp310-macosx_10_9_universal2.whl", hash = "sha256:436b16ebe448a829a8312e10208eec81a2adcae1fff674dbcc3262e1bd76e0ca"},
    {file = "pyobjc_framework_ApplicationServices-8.5-cp36-cp36m-macosx_10_9_x86_64.whl", hash = "sha256:408958d14aa7fcf46f2163754c211078bc63be1368934d86188202914dce077d"},
    {file = "pyobjc_framework_ApplicationServices-8.5-cp37-cp37m-macosx_10_9_x86_64.whl", hash = "sha256:1d6cd4ce192859a22e208da4d7177a1c3ceb1ef2f64c339fd881102b1210cadd"},
    {file = "pyobjc_framework_ApplicationServices-8.5-cp38-cp38-macosx_10_9_x86_64.whl", hash = "sha256:0251d092adb1d2d116fd9f147ceef0e53b158a46c21245131c40b9d7b786d0db"},
    {file = "pyobjc_framework_ApplicationServices-8.5-cp38-cp38-macosx_11_0_universal2.whl", hash = "sha256:9742e69fe6d4545d0e02b0ad0a7a2432bc9944569ee07d6e90ffa5ef614df9f7"},
    {file = "pyobjc_framework_ApplicationServices-8.5-cp39-cp39-macosx_10_9_universal2.whl", hash = "sha256:16f5677c14ea903c6aaca1dd121521825c39e816cae696d6ae32c0b287252ab2"},
]
pyobjc-framework-cocoa = [
    {file = "pyobjc-framework-Cocoa-8.5.tar.gz", hash = "sha256:569bd3a020f64b536fb2d1c085b37553e50558c9f907e08b73ffc16ae68e1861"},
    {file = "pyobjc_framework_Cocoa-8.5-cp310-cp310-macosx_10_9_universal2.whl", hash = "sha256:7a7c160416696bf6035dfcdf0e603aaa52858d6afcddfcc5ab41733619ac2529"},
    {file = "pyobjc_framework_Cocoa-8.5-cp36-cp36m-macosx_10_9_x86_64.whl", hash = "sha256:6ceba444282030be8596b812260e8d28b671254a51052ad778d32da6e17db847"},
    {file = "pyobjc_framework_Cocoa-8.5-cp37-cp37m-macosx_10_9_x86_64.whl", hash = "sha256:f46b2b161b8dd40c7b9e00bc69636c3e6480b2704a69aee22ee0154befbe163a"},
    {file = "pyobjc_framework_Cocoa-8.5-cp38-cp38-macosx_10_9_x86_64.whl", hash = "sha256:b31d425aee8698cbf62b187338f5ca59427fa4dca2153a73866f7cb410713119"},
    {file = "pyobjc_framework_Cocoa-8.5-cp38-cp38-macosx_11_0_universal2.whl", hash = "sha256:898359ac1f76eedec8aa156847682378a8950824421c40edb89391286e607dc4"},
    {file = "pyobjc_framework_Cocoa-8.5-cp39-cp39-macosx_10_9_universal2.whl", hash = "sha256:baa2947f76b119a3360973d74d57d6dada87ac527bab9a88f31596af392f123c"},
]
pyobjc-framework-quartz = [
    {file = "pyobjc-framework-Quartz-8.5.tar.gz", hash = "sha256:d2bc5467a792ddc04814f12a1e9c2fcaf699a1c3ad3d4264cfdce6b9c7b10624"},
    {file = "pyobjc_framework_Quartz-8.5-cp310-cp310-macosx_10_9_universal2.whl", hash = "sha256:e9f0fb663f7872c9de94169031ac42b91ad01bd4cad49a9f1a0164be8f028426"},
    {file = "pyobjc_framework_Quartz-8.5-cp36-cp36m-macosx_10_9_x86_64.whl", hash = "sha256:567eec91287cfe9a1b6433717192c585935de8f3daa28d82ce72fdd6c7ac00f6"},
    {file = "pyobjc_framework_Quartz-8.5-cp37-cp37m-macosx_10_9_x86_64.whl", hash = "sha256:9f910ab41a712ffc7a8c3e3716a2d6f39ea4419004b26a2fd2d2f740ff5c262c"},
    {file = "pyobjc_framework_Quartz-8.5-cp38-cp38-macosx_10_9_x86_64.whl", hash = "sha256:29d07066781628278bf0e5278abcfc96ef6724c66c5629a0b4c214d319a82e55"},
    {file = "pyobjc_framework_Quartz-8.5-cp38-cp38-macosx_11_0_universal2.whl", hash = "sha256:72abcde1a3d72be11f2c881c9b9872044c8f2de86d2047b67fe771713638b107"},
    {file = "pyobjc_framework_Quartz-8.5-cp39-cp39-macosx_10_9_universal2.whl", hash = "sha256:8809b9a2df2f461697bdb45b6d1b5a4f881f88f09450e3990858e64e3e26c530"},
]
pyparsing = [
    {file = "pyparsing-3.0.9-py3-none-any.whl", hash = "sha256:5026bae9a10eeaefb61dab2f09052b9f4307d44aee4eda64b309723d8d206bbc"},
    {file = "pyparsing-3.0.9.tar.gz", hash = "sha256:2b020ecf7d21b687f219b71ecad3631f644a47f01403fa1d1036b0c6416d70fb"},
]
pytest = [
    {file = "pytest-5.4.3-py3-none-any.whl", hash = "sha256:5c0db86b698e8f170ba4582a492248919255fcd4c79b1ee64ace34301fb589a1"},
    {file = "pytest-5.4.3.tar.gz", hash = "sha256:7979331bfcba207414f5e1263b5a0f8f521d0f457318836a7355531ed1a4c7d8"},
]
python-xlib = []
rapidfuzz = [
    {file = "rapidfuzz-2.1.2-cp310-cp310-macosx_10_9_universal2.whl", hash = "sha256:55e1553b37e9074b2aba15f59d76db130f9c05f7e77348c93799250d52778506"},
    {file = "rapidfuzz-2.1.2-cp310-cp310-macosx_10_9_x86_64.whl", hash = "sha256:69dd34ac9afb395f8fd33358de46206c70de08f561f03e24aefbc6c171f776a4"},
    {file = "rapidfuzz-2.1.2-cp310-cp310-macosx_11_0_arm64.whl", hash = "sha256:6ea48bd32d0192b1de55d79685fc620529ca6a89e1a8ffa0cb2d2bf81f23130a"},
    {file = "rapidfuzz-2.1.2-cp310-cp310-manylinux_2_17_aarch64.manylinux2014_aarch64.whl", hash = "sha256:b8fce50329fe7ace1708bef373854165885645d701bff24514f0fee5428e00eb"},
    {file = "rapidfuzz-2.1.2-cp310-cp310-manylinux_2_17_i686.manylinux2014_i686.whl", hash = "sha256:f5f9221f4f446e76331e79461a9799736576d47588509bf9b36b0efd8a104ee8"},
    {file = "rapidfuzz-2.1.2-cp310-cp310-manylinux_2_17_x86_64.manylinux2014_x86_64.whl", hash = "sha256:ef12b7228df2da8c5e7e85ec1b44b156ed7e70977a8a2e2fa2dec6b68250e915"},
    {file = "rapidfuzz-2.1.2-cp310-cp310-win32.whl", hash = "sha256:f6a35dceb8af55b75f004c19dfd125a496f530197894638ec449527bcace1974"},
    {file = "rapidfuzz-2.1.2-cp310-cp310-win_amd64.whl", hash = "sha256:21738c290aad390d592fca0feefced99a4cba55603999696b635906e0c045bad"},
    {file = "rapidfuzz-2.1.2-cp36-cp36m-macosx_10_9_x86_64.whl", hash = "sha256:652d9a06c91ad302217f0182171cdb5bfa06ed758d56cdf4443c7ffd25c23fb8"},
    {file = "rapidfuzz-2.1.2-cp36-cp36m-manylinux_2_17_aarch64.manylinux2014_aarch64.whl", hash = "sha256:bd4d1ecdbfe315d4d403190b5092d6ac361d7ab4135f8e50cb756cff48d183db"},
    {file = "rapidfuzz-2.1.2-cp36-cp36m-manylinux_2_17_i686.manylinux2014_i686.whl", hash = "sha256:2ae119877108c83e0db61e627f9bb07ba42e83dbb8298a33038d24e4a3d7e6f3"},
    {file = "rapidfuzz-2.1.2-cp36-cp36m-manylinux_2_17_x86_64.manylinux2014_x86_64.whl", hash = "sha256:eb4017a771fcd5e9902bbf9d9414be4c5944153bc673f48c8ad99209ad2e5e61"},
    {file = "rapidfuzz-2.1.2-cp36-cp36m-win32.whl", hash = "sha256:c41fcb7155ef28f3574cafcc08598d8383645ac9de3ec4db6c181b888b33e6f9"},
    {file = "rapidfuzz-2.1.2-cp36-cp36m-win_amd64.whl", hash = "sha256:c9ad21a0e057d279ffed26b979401002af4c243e8a0fcacdbcbe00def7a4f939"},
    {file = "rapidfuzz-2.1.2-cp37-cp37m-macosx_10_9_x86_64.whl", hash = "sha256:48494bfd3f8b2c74b567665671ae1cf2f140a51ac178008ffc73e50b00c8244b"},
    {file = "rapidfuzz-2.1.2-cp37-cp37m-manylinux_2_17_aarch64.manylinux2014_aarch64.whl", hash = "sha256:58c94527abc60e6c0dd09f7914baf6389f7e75bcb77380e9e1b8df6325359584"},
    {file = "rapidfuzz-2.1.2-cp37-cp37m-manylinux_2_17_i686.manylinux2014_i686.whl", hash = "sha256:cfdf2e5faff11f1823583541592f066fce2145a180db0839ca9a8069f7959e70"},
    {file = "rapidfuzz-2.1.2-cp37-cp37m-manylinux_2_17_x86_64.manylinux2014_x86_64.whl", hash = "sha256:86d5f8d986319429b287463d2961bb8deacede5f24d10833324135537f224d20"},
    {file = "rapidfuzz-2.1.2-cp37-cp37m-win32.whl", hash = "sha256:814519b923c771cd5057bac08698ae74707a160c390ed0ad743f08977b9b8faf"},
    {file = "rapidfuzz-2.1.2-cp37-cp37m-win_amd64.whl", hash = "sha256:696baaaee711b623c8e8c73304152d65e852d5a8cd50db725e1d1c10abb16cba"},
    {file = "rapidfuzz-2.1.2-cp38-cp38-macosx_10_9_universal2.whl", hash = "sha256:f6a608296a51208dfc771889afd090bb56575ce96c010d09fa3220d8a7611285"},
    {file = "rapidfuzz-2.1.2-cp38-cp38-macosx_10_9_x86_64.whl", hash = "sha256:e9e912ad5fc5a3ab18ebe0e2084bac3d12bcbe0db182ba273c8fb098c0c981ed"},
    {file = "rapidfuzz-2.1.2-cp38-cp38-macosx_11_0_arm64.whl", hash = "sha256:60a92c7acd3474666e4c8ce67d298fec71ba5a4a9b1ee0b66aaa6a3b204f5e57"},
    {file = "rapidfuzz-2.1.2-cp38-cp38-manylinux_2_17_aarch64.manylinux2014_aarch64.whl", hash = "sha256:8a68c058dfc1ce30a59e11f4330ef7b8ad56ea7f26eef379f1527adeb9a670ce"},
    {file = "rapidfuzz-2.1.2-cp38-cp38-manylinux_2_17_i686.manylinux2014_i686.whl", hash = "sha256:e7528fe8640a17de39ce878088a420acb2588e5390f899f8cdd613ce57e0b1fe"},
    {file = "rapidfuzz-2.1.2-cp38-cp38-manylinux_2_17_x86_64.manylinux2014_x86_64.whl", hash = "sha256:d4c9fdacddc25981264252f31605bcb93e2806df0ff643880b7689f6ab922d52"},
    {file = "rapidfuzz-2.1.2-cp38-cp38-win32.whl", hash = "sha256:2cecdb5838caa46e5109f1ab24b9cb23fabc4f9b1e00f524808dede034b57ed2"},
    {file = "rapidfuzz-2.1.2-cp38-cp38-win_amd64.whl", hash = "sha256:ea3147e4560b93c79aaf8c85ec74e53456ead8ac43dc2325728be74e2e0e435c"},
    {file = "rapidfuzz-2.1.2-cp39-cp39-macosx_10_9_universal2.whl", hash = "sha256:83cb4f00c5df3ae01ec96f33c35e2c026e8c39c44410b6c0027420470176f056"},
    {file = "rapidfuzz-2.1.2-cp39-cp39-macosx_10_9_x86_64.whl", hash = "sha256:19bb5976944a65210c425c8487a1383db5307c918de7a0988edddc2d9621dbc6"},
    {file = "rapidfuzz-2.1.2-cp39-cp39-macosx_11_0_arm64.whl", hash = "sha256:397b5fbd35c0629539a49bbb85dd0510c5a1b8ca73068c3d60b6181d647a7e2b"},
    {file = "rapidfuzz-2.1.2-cp39-cp39-manylinux_2_17_aarch64.manylinux2014_aarch64.whl", hash = "sha256:6958f2842cb0c05f218a8fb4d40f4523f0c772e757e8fc32ccb84dc4e02c3ebf"},
    {file = "rapidfuzz-2.1.2-cp39-cp39-manylinux_2_17_i686.manylinux2014_i686.whl", hash = "sha256:e66e98687559d299ecfc97b166afbc2821a1801daf12ba5b80b57e0072689a3c"},
    {file = "rapidfuzz-2.1.2-cp39-cp39-manylinux_2_17_x86_64.manylinux2014_x86_64.whl", hash = "sha256:017c16ede1ac4e280ad4161fdab513e15f09a28b0d7e03c15be4ed926247e2c0"},
    {file = "rapidfuzz-2.1.2-cp39-cp39-win32.whl", hash = "sha256:4e665b3fd86768b20ce2b4a467355dbbc5b0788665ba4406ba4c13eeea192a06"},
    {file = "rapidfuzz-2.1.2-cp39-cp39-win_amd64.whl", hash = "sha256:d7a38f175221d0604e78b0b1ba43337cf1f2e130edef6f819e77913e8a45be37"},
    {file = "rapidfuzz-2.1.2-pp37-pypy37_pp73-manylinux_2_17_aarch64.manylinux2014_aarch64.whl", hash = "sha256:d534607a419e6be8a3a182e4a4d6bc03fefeabacd9739588ef4dc652a7666f2f"},
    {file = "rapidfuzz-2.1.2-pp37-pypy37_pp73-manylinux_2_17_i686.manylinux2014_i686.whl", hash = "sha256:22d832762ed58e91996cde0744056bfc88b912e81e7353f548be079e0e875de9"},
    {file = "rapidfuzz-2.1.2-pp37-pypy37_pp73-manylinux_2_17_x86_64.manylinux2014_x86_64.whl", hash = "sha256:6bf76a89a252d4d12c9599e4db3abcace5150ee030febc1ea8d3e3dbf4b3b7b6"},
    {file = "rapidfuzz-2.1.2-pp38-pypy38_pp73-manylinux_2_17_aarch64.manylinux2014_aarch64.whl", hash = "sha256:be5e6ce4ffd7a8e43b71e3e93b73f7feda110aec8b572d342599c589a21e848b"},
    {file = "rapidfuzz-2.1.2-pp38-pypy38_pp73-manylinux_2_17_i686.manylinux2014_i686.whl", hash = "sha256:2e4a2368ac9cedf45437bb338e14606d0d6c531788f32b7a209b153ee2d28aa7"},
    {file = "rapidfuzz-2.1.2-pp38-pypy38_pp73-manylinux_2_17_x86_64.manylinux2014_x86_64.whl", hash = "sha256:a2b5687ffdfad43c7d3f484f1b5755858d05ce3b7b04404ed6ab6d27b98feb70"},
    {file = "rapidfuzz-2.1.2-pp39-pypy39_pp73-manylinux_2_17_aarch64.manylinux2014_aarch64.whl", hash = "sha256:7c1f85a86177c6a4f9a5cf7e6ef052a4e044b36f3e97980080e85b1c5d010566"},
    {file = "rapidfuzz-2.1.2-pp39-pypy39_pp73-manylinux_2_17_i686.manylinux2014_i686.whl", hash = "sha256:53adbe15b0344d9c03a9f4d54245368df4af5c5b0811dc989ed0e1967b442778"},
    {file = "rapidfuzz-2.1.2-pp39-pypy39_pp73-manylinux_2_17_x86_64.manylinux2014_x86_64.whl", hash = "sha256:5d9de9ac2530a8ee1fdf18ecf5c102144444527147629dba5ab34feb367f786c"},
    {file = "rapidfuzz-2.1.2.tar.gz", hash = "sha256:4cdb7ad70770a3d9342c1e2541a8cdf07629ba53464babe20b8236ef9a7ab0fd"},
]
requests = [
    {file = "requests-2.28.1-py3-none-any.whl", hash = "sha256:8fefa2a1a1365bf5520aac41836fbee479da67864514bdb821f31ce07ce65349"},
    {file = "requests-2.28.1.tar.gz", hash = "sha256:7c5599b102feddaa661c826c56ab4fee28bfd17f5abca1ebbe3e7f19d7c97983"},
]
rich = [
    {file = "rich-12.4.4-py3-none-any.whl", hash = "sha256:d2bbd99c320a2532ac71ff6a3164867884357da3e3301f0240090c5d2fdac7ec"},
    {file = "rich-12.4.4.tar.gz", hash = "sha256:4c586de507202505346f3e32d1363eb9ed6932f0c2f63184dea88983ff4971e2"},
]
shellingham = [
    {file = "shellingham-1.4.0-py2.py3-none-any.whl", hash = "sha256:536b67a0697f2e4af32ab176c00a50ac2899c5a05e0d8e2dadac8e58888283f9"},
    {file = "shellingham-1.4.0.tar.gz", hash = "sha256:4855c2458d6904829bd34c299f11fdeed7cfefbf8a2c522e4caea6cd76b3171e"},
]
six = []
soupsieve = [
    {file = "soupsieve-2.3.2.post1-py3-none-any.whl", hash = "sha256:3b2503d3c7084a42b1ebd08116e5f81aadfaea95863628c80a3b774a11b7c759"},
    {file = "soupsieve-2.3.2.post1.tar.gz", hash = "sha256:fc53893b3da2c33de295667a0e19f078c14bf86544af307354de5fcf12a3f30d"},
]
tqdm = [
    {file = "tqdm-4.64.0-py2.py3-none-any.whl", hash = "sha256:74a2cdefe14d11442cedf3ba4e21a3b84ff9a2dbdc6cfae2c34addb2a14a5ea6"},
    {file = "tqdm-4.64.0.tar.gz", hash = "sha256:40be55d30e200777a307a7585aee69e4eabb46b4ec6a4b4a5f2d9f11e7d5408d"},
]
typer = [
    {file = "typer-0.5.0-py3-none-any.whl", hash = "sha256:a34409c0029ba7e48cb9e4f54c6400bf4158a6145b5dea32788e7a36ebbcb312"},
    {file = "typer-0.5.0.tar.gz", hash = "sha256:4c285a5585c94d32c305444af934f0078b6a8ba91464f3f85807c91cd499d195"},
]
typing-extensions = [
    {file = "typing_extensions-4.3.0-py3-none-any.whl", hash = "sha256:25642c956049920a5aa49edcdd6ab1e06d7e5d467fc00e0506c44ac86fbfca02"},
    {file = "typing_extensions-4.3.0.tar.gz", hash = "sha256:e6d2677a32f47fc7eb2795db1dd15c1f34eff616bcaf2cfb5e997f854fa1c4a6"},
]
urllib3 = []
wcwidth = [
    {file = "wcwidth-0.2.5-py2.py3-none-any.whl", hash = "sha256:beb4802a9cebb9144e99086eff703a642a13d6a0052920003a230f3294bbe784"},
    {file = "wcwidth-0.2.5.tar.gz", hash = "sha256:c4d647b99872929fdb7bdcaa4fbe7f01413ed3d98077df798530e5b04f116c83"},
]
windows-curses = [
    {file = "windows_curses-2.3.0-cp310-cp310-win32.whl", hash = "sha256:a3a63a0597729e10f923724c2cf972a23ea677b400d2387dee1d668cf7116177"},
    {file = "windows_curses-2.3.0-cp310-cp310-win_amd64.whl", hash = "sha256:7a35eda4cb120b9e1a5ae795f3bc06c55b92c9d391baba6be1903285a05f3551"},
    {file = "windows_curses-2.3.0-cp36-cp36m-win32.whl", hash = "sha256:4d5fb991d1b90a41c2332f02241a1f84c8a1e6bc8f6e0d26f532d0da7a9f7b51"},
    {file = "windows_curses-2.3.0-cp36-cp36m-win_amd64.whl", hash = "sha256:170c0d941c2e0cdf864e7f0441c1bdf0709232bf4aa7ce7f54d90fc76a4c0504"},
    {file = "windows_curses-2.3.0-cp37-cp37m-win32.whl", hash = "sha256:d5cde8ec6d582aa77af791eca54f60858339fb3f391945f9cad11b1ab71062e3"},
    {file = "windows_curses-2.3.0-cp37-cp37m-win_amd64.whl", hash = "sha256:e913dc121446d92b33fe4f5bcca26d3a34e4ad19f2af160370d57c3d1e93b4e1"},
    {file = "windows_curses-2.3.0-cp38-cp38-win32.whl", hash = "sha256:fbc2131cec57e422c6660e6cdb3420aff5be5169b8e45bb7c471f884b0590a2b"},
    {file = "windows_curses-2.3.0-cp38-cp38-win_amd64.whl", hash = "sha256:cc5fa913780d60f4a40824d374a4f8ca45b4e205546e83a2d85147315a57457e"},
    {file = "windows_curses-2.3.0-cp39-cp39-win32.whl", hash = "sha256:935be95cfdb9213f6f5d3d5bcd489960e3a8fbc9b574e7b2e8a3a3cc46efff49"},
    {file = "windows_curses-2.3.0-cp39-cp39-win_amd64.whl", hash = "sha256:c860f596d28377e47f322b7382be4d3573fd76d1292234996bb7f72e0bc0ed0d"},
]
